
Microsoft Visual Studio Solution File, Format Version 12.00
# Visual Studio Version 17
VisualStudioVersion = 17.0.32014.148
MinimumVisualStudioVersion = 10.0.40219.1
Project("{FAE04EC0-301F-11D3-BF4B-00C04F79EFBC}") = "RAL", "RAL\RAL.csproj", "{0C6AD6D4-FCDD-41A7-8FC9-89A491EC7301}"
EndProject
Global
	GlobalSection(SolutionConfigurationPlatforms) = preSolution
		Debug|Any CPU = Debug|Any CPU
		Release|Any CPU = Release|Any CPU
	EndGlobalSection
	GlobalSection(ProjectConfigurationPlatforms) = postSolution
		{0C6AD6D4-FCDD-41A7-8FC9-89A491EC7301}.Debug|Any CPU.ActiveCfg = Debug|Any CPU
		{0C6AD6D4-FCDD-41A7-8FC9-89A491EC7301}.Debug|Any CPU.Build.0 = Debug|Any CPU
		{0C6AD6D4-FCDD-41A7-8FC9-89A491EC7301}.Release|Any CPU.ActiveCfg = Release|Any CPU
		{0C6AD6D4-FCDD-41A7-8FC9-89A491EC7301}.Release|Any CPU.Build.0 = Release|Any CPU
	EndGlobalSection
	GlobalSection(SolutionProperties) = preSolution
		HideSolutionNode = FALSE
	EndGlobalSection
	GlobalSection(ExtensibilityGlobals) = postSolution
		SolutionGuid = {36D3417D-9FB0-4EE8-A683-79416F754636}
	EndGlobalSection
EndGlobal
